
Microsoft Visual Studio Solution File, Format Version 12.00
# Visual Studio Version 16
VisualStudioVersion = 16.0.30503.244
MinimumVisualStudioVersion = 10.0.40219.1
Project("{FAE04EC0-301F-11D3-BF4B-00C04F79EFBC}") = "WebAPI_Project", "WebAPI_Project\WebAPI_Project.csproj", "{798A0781-AF10-415D-9EDF-197B4F0DFB57}"
EndProject
Global
	GlobalSection(SolutionConfigurationPlatforms) = preSolution
		Debug|Any CPU = Debug|Any CPU
		Release|Any CPU = Release|Any CPU
	EndGlobalSection
	GlobalSection(ProjectConfigurationPlatforms) = postSolution
		{798A0781-AF10-415D-9EDF-197B4F0DFB57}.Debug|Any CPU.ActiveCfg = Debug|Any CPU
		{798A0781-AF10-415D-9EDF-197B4F0DFB57}.Debug|Any CPU.Build.0 = Debug|Any CPU
		{798A0781-AF10-415D-9EDF-197B4F0DFB57}.Release|Any CPU.ActiveCfg = Release|Any CPU
		{798A0781-AF10-415D-9EDF-197B4F0DFB57}.Release|Any CPU.Build.0 = Release|Any CPU
	EndGlobalSection
	GlobalSection(SolutionProperties) = preSolution
		HideSolutionNode = FALSE
	EndGlobalSection
	GlobalSection(ExtensibilityGlobals) = postSolution
		SolutionGuid = {E9307E6B-5A8E-436E-B7FB-6B8354BDAEE2}
	EndGlobalSection
EndGlobal
